
Microsoft Visual Studio Solution File, Format Version 12.00
# Visual Studio Version 16
VisualStudioVersion = 16.0.30717.126
MinimumVisualStudioVersion = 10.0.40219.1
Project("{9A19103F-16F7-4668-BE54-9A1E7A4F7556}") = "Expression Trees", "Expression Trees\Expression Trees.csproj", "{63BAF95F-741D-444C-A677-37B6A10E1FCD}"
EndProject
Project("{FAE04EC0-301F-11D3-BF4B-00C04F79EFBC}") = "Expression Trees-2", "Expression Trees-2\Expression Trees-2.csproj", "{14B73259-0E9B-4FB0-88DA-FF4DA06F3855}"
EndProject
Project("{FAE04EC0-301F-11D3-BF4B-00C04F79EFBC}") = "Expression 3,4", "Expression 3\Expression 3,4.csproj", "{CB4C261E-6FAB-41D6-A6B2-F5BFAFF8C660}"
EndProject
Global
	GlobalSection(SolutionConfigurationPlatforms) = preSolution
		Debug|Any CPU = Debug|Any CPU
		Release|Any CPU = Release|Any CPU
	EndGlobalSection
	GlobalSection(ProjectConfigurationPlatforms) = postSolution
		{63BAF95F-741D-444C-A677-37B6A10E1FCD}.Debug|Any CPU.ActiveCfg = Debug|Any CPU
		{63BAF95F-741D-444C-A677-37B6A10E1FCD}.Debug|Any CPU.Build.0 = Debug|Any CPU
		{63BAF95F-741D-444C-A677-37B6A10E1FCD}.Release|Any CPU.ActiveCfg = Release|Any CPU
		{63BAF95F-741D-444C-A677-37B6A10E1FCD}.Release|Any CPU.Build.0 = Release|Any CPU
		{14B73259-0E9B-4FB0-88DA-FF4DA06F3855}.Debug|Any CPU.ActiveCfg = Debug|Any CPU
		{14B73259-0E9B-4FB0-88DA-FF4DA06F3855}.Debug|Any CPU.Build.0 = Debug|Any CPU
		{14B73259-0E9B-4FB0-88DA-FF4DA06F3855}.Release|Any CPU.ActiveCfg = Release|Any CPU
		{14B73259-0E9B-4FB0-88DA-FF4DA06F3855}.Release|Any CPU.Build.0 = Release|Any CPU
		{CB4C261E-6FAB-41D6-A6B2-F5BFAFF8C660}.Debug|Any CPU.ActiveCfg = Debug|Any CPU
		{CB4C261E-6FAB-41D6-A6B2-F5BFAFF8C660}.Debug|Any CPU.Build.0 = Debug|Any CPU
		{CB4C261E-6FAB-41D6-A6B2-F5BFAFF8C660}.Release|Any CPU.ActiveCfg = Release|Any CPU
		{CB4C261E-6FAB-41D6-A6B2-F5BFAFF8C660}.Release|Any CPU.Build.0 = Release|Any CPU
	EndGlobalSection
	GlobalSection(SolutionProperties) = preSolution
		HideSolutionNode = FALSE
	EndGlobalSection
	GlobalSection(ExtensibilityGlobals) = postSolution
		SolutionGuid = {172511E4-9097-46DB-8D29-7EF8F911FA1F}
	EndGlobalSection
EndGlobal
